
Microsoft Visual Studio Solution File, Format Version 12.00
# Visual Studio Version 16
VisualStudioVersion = 16.0.32106.194
MinimumVisualStudioVersion = 10.0.40219.1
Project("{FAE04EC0-301F-11D3-BF4B-00C04F79EFBC}") = "oneline", "oneline\oneline.csproj", "{C15BFB8D-F993-4033-A812-9ABF554AD01D}"
EndProject
Global
	GlobalSection(SolutionConfigurationPlatforms) = preSolution
		Debug|Any CPU = Debug|Any CPU
		Release|Any CPU = Release|Any CPU
	EndGlobalSection
	GlobalSection(ProjectConfigurationPlatforms) = postSolution
		{C15BFB8D-F993-4033-A812-9ABF554AD01D}.Debug|Any CPU.ActiveCfg = Debug|Any CPU
		{C15BFB8D-F993-4033-A812-9ABF554AD01D}.Debug|Any CPU.Build.0 = Debug|Any CPU
		{C15BFB8D-F993-4033-A812-9ABF554AD01D}.Release|Any CPU.ActiveCfg = Release|Any CPU
		{C15BFB8D-F993-4033-A812-9ABF554AD01D}.Release|Any CPU.Build.0 = Release|Any CPU
	EndGlobalSection
	GlobalSection(SolutionProperties) = preSolution
		HideSolutionNode = FALSE
	EndGlobalSection
	GlobalSection(ExtensibilityGlobals) = postSolution
		SolutionGuid = {316E8C66-FB1E-4A97-AF52-4BA1E2A6A009}
	EndGlobalSection
EndGlobal
